{
  "name": "mini-program-monitor-example-alipay",
  "version": "0.0.0",
  "lockfileVersion": 3,
  "requires": true,
  "packages": {
    "": {
      "name": "mini-program-monitor-example-alipay",
      "version": "0.0.0",
      "dependencies": {
        "mini-program-monitor": "file:.."
      }
    },
    "node_modules/mini-program-monitor": {
      "version": "0.2.0-dev",
      "resolved": "file:..",
      "license": "Apache-2.0",
      "engines": {
        "node": ">=18"
      }
    }
  }
}
