{
  "name": "mini-program-monitor-example-alipay",
  "version": "0.0.0",
  "lockfileVersion": 3,
  "requires": true,
  "packages": {
    "": {
      "name": "mini-program-monitor-example-alipay",
      "version": "0.0.0",
      "dependencies": {
        "mini-program-monitor": "file:.."
      }
    },
    "..": {
      "version": "0.1.0-alpha.0",
      "license": "Apache-2.0",
      "devDependencies": {
        "@types/wechat-miniprogram": "^3.4.0",
        "tsup": "^8.0.0",
        "typescript": "^5.4.0",
        "vitest": "^1.5.0"
      },
      "engines": {
        "node": ">=18"
      }
    },
    "node_modules/mini-program-monitor": {
      "resolved": "..",
      "link": true
    }
  }
}
